
Microsoft Visual Studio Solution File, Format Version 12.00
# Visual Studio Version 17
VisualStudioVersion = 17.0.31903.59
MinimumVisualStudioVersion = 10.0.40219.1
Project("{2150E333-8FDC-42A3-9474-1A3956D46DE8}") = "src", "src", "{827E0CD3-B72D-47B6-A68D-7590B98EB39B}"
EndProject
Project("{FAE04EC0-301F-11D3-BF4B-00C04F79EFBC}") = "InvoiceApp.Domain", "src\InvoiceApp.Domain\InvoiceApp.Domain.csproj", "{56E2C0FD-9127-4AE9-BFD5-8D073D14A2D0}"
EndProject
Project("{FAE04EC0-301F-11D3-BF4B-00C04F79EFBC}") = "InvoiceApp.Application", "src\InvoiceApp.Application\InvoiceApp.Application.csproj", "{39D4D9BF-50BC-4813-9419-FAB1C7E7AE1B}"
EndProject
Project("{FAE04EC0-301F-11D3-BF4B-00C04F79EFBC}") = "InvoiceApp.Infrastructure", "src\InvoiceApp.Infrastructure\InvoiceApp.Infrastructure.csproj", "{01269772-7B63-4590-A66C-188E9DA42CD5}"
EndProject
Project("{FAE04EC0-301F-11D3-BF4B-00C04F79EFBC}") = "InvoiceApp.API", "src\InvoiceApp.API\InvoiceApp.API.csproj", "{D787ED58-0B02-4810-A6D6-EAFDF261F668}"
EndProject
Project("{2150E333-8FDC-42A3-9474-1A3956D46DE8}") = "tests", "tests", "{0AB3BF05-4346-4AA6-1389-037BE0695223}"
EndProject
Project("{FAE04EC0-301F-11D3-BF4B-00C04F79EFBC}") = "InvoiceApp.UnitTests", "tests\InvoiceApp.UnitTests\InvoiceApp.UnitTests.csproj", "{9B9BEDDD-60C3-4E91-B769-6B92ADC83BE2}"
EndProject
Project("{FAE04EC0-301F-11D3-BF4B-00C04F79EFBC}") = "InvoiceApp.IntegrationTests", "tests\InvoiceApp.IntegrationTests\InvoiceApp.IntegrationTests.csproj", "{5261649C-6B51-4BFF-B0BA-E9A2B6E673E0}"
EndProject
Project("{FAE04EC0-301F-11D3-BF4B-00C04F79EFBC}") = "InvoiceApp.E2ETests", "tests\InvoiceApp.E2ETests\InvoiceApp.E2ETests.csproj", "{CE8BAAB2-90E7-41A4-8F45-394ADFDC3948}"
EndProject
Project("{FAE04EC0-301F-11D3-BF4B-00C04F79EFBC}") = "InvoiceApp.WPF", "src\InvoiceApp.WPF\InvoiceApp.WPF.csproj", "{040C4B0D-DE5D-4E46-B252-BC1D8FD4C566}"
EndProject
Global
	GlobalSection(SolutionConfigurationPlatforms) = preSolution
		Debug|Any CPU = Debug|Any CPU
		Debug|x64 = Debug|x64
		Debug|x86 = Debug|x86
		Release|Any CPU = Release|Any CPU
		Release|x64 = Release|x64
		Release|x86 = Release|x86
	EndGlobalSection
	GlobalSection(ProjectConfigurationPlatforms) = postSolution
		{56E2C0FD-9127-4AE9-BFD5-8D073D14A2D0}.Debug|Any CPU.ActiveCfg = Debug|Any CPU
		{56E2C0FD-9127-4AE9-BFD5-8D073D14A2D0}.Debug|Any CPU.Build.0 = Debug|Any CPU
		{56E2C0FD-9127-4AE9-BFD5-8D073D14A2D0}.Debug|x64.ActiveCfg = Debug|Any CPU
		{56E2C0FD-9127-4AE9-BFD5-8D073D14A2D0}.Debug|x64.Build.0 = Debug|Any CPU
		{56E2C0FD-9127-4AE9-BFD5-8D073D14A2D0}.Debug|x86.ActiveCfg = Debug|Any CPU
		{56E2C0FD-9127-4AE9-BFD5-8D073D14A2D0}.Debug|x86.Build.0 = Debug|Any CPU
		{56E2C0FD-9127-4AE9-BFD5-8D073D14A2D0}.Release|Any CPU.ActiveCfg = Release|Any CPU
		{56E2C0FD-9127-4AE9-BFD5-8D073D14A2D0}.Release|Any CPU.Build.0 = Release|Any CPU
		{56E2C0FD-9127-4AE9-BFD5-8D073D14A2D0}.Release|x64.ActiveCfg = Release|Any CPU
		{56E2C0FD-9127-4AE9-BFD5-8D073D14A2D0}.Release|x64.Build.0 = Release|Any CPU
		{56E2C0FD-9127-4AE9-BFD5-8D073D14A2D0}.Release|x86.ActiveCfg = Release|Any CPU
		{56E2C0FD-9127-4AE9-BFD5-8D073D14A2D0}.Release|x86.Build.0 = Release|Any CPU
		{39D4D9BF-50BC-4813-9419-FAB1C7E7AE1B}.Debug|Any CPU.ActiveCfg = Debug|Any CPU
		{39D4D9BF-50BC-4813-9419-FAB1C7E7AE1B}.Debug|Any CPU.Build.0 = Debug|Any CPU
		{39D4D9BF-50BC-4813-9419-FAB1C7E7AE1B}.Debug|x64.ActiveCfg = Debug|Any CPU
		{39D4D9BF-50BC-4813-9419-FAB1C7E7AE1B}.Debug|x64.Build.0 = Debug|Any CPU
		{39D4D9BF-50BC-4813-9419-FAB1C7E7AE1B}.Debug|x86.ActiveCfg = Debug|Any CPU
		{39D4D9BF-50BC-4813-9419-FAB1C7E7AE1B}.Debug|x86.Build.0 = Debug|Any CPU
		{39D4D9BF-50BC-4813-9419-FAB1C7E7AE1B}.Release|Any CPU.ActiveCfg = Release|Any CPU
		{39D4D9BF-50BC-4813-9419-FAB1C7E7AE1B}.Release|Any CPU.Build.0 = Release|Any CPU
		{39D4D9BF-50BC-4813-9419-FAB1C7E7AE1B}.Release|x64.ActiveCfg = Release|Any CPU
		{39D4D9BF-50BC-4813-9419-FAB1C7E7AE1B}.Release|x64.Build.0 = Release|Any CPU
		{39D4D9BF-50BC-4813-9419-FAB1C7E7AE1B}.Release|x86.ActiveCfg = Release|Any CPU
		{39D4D9BF-50BC-4813-9419-FAB1C7E7AE1B}.Release|x86.Build.0 = Release|Any CPU
		{01269772-7B63-4590-A66C-188E9DA42CD5}.Debug|Any CPU.ActiveCfg = Debug|Any CPU
		{01269772-7B63-4590-A66C-188E9DA42CD5}.Debug|Any CPU.Build.0 = Debug|Any CPU
		{01269772-7B63-4590-A66C-188E9DA42CD5}.Debug|x64.ActiveCfg = Debug|Any CPU
		{01269772-7B63-4590-A66C-188E9DA42CD5}.Debug|x64.Build.0 = Debug|Any CPU
		{01269772-7B63-4590-A66C-188E9DA42CD5}.Debug|x86.ActiveCfg = Debug|Any CPU
		{01269772-7B63-4590-A66C-188E9DA42CD5}.Debug|x86.Build.0 = Debug|Any CPU
		{01269772-7B63-4590-A66C-188E9DA42CD5}.Release|Any CPU.ActiveCfg = Release|Any CPU
		{01269772-7B63-4590-A66C-188E9DA42CD5}.Release|Any CPU.Build.0 = Release|Any CPU
		{01269772-7B63-4590-A66C-188E9DA42CD5}.Release|x64.ActiveCfg = Release|Any CPU
		{01269772-7B63-4590-A66C-188E9DA42CD5}.Release|x64.Build.0 = Release|Any CPU
		{01269772-7B63-4590-A66C-188E9DA42CD5}.Release|x86.ActiveCfg = Release|Any CPU
		{01269772-7B63-4590-A66C-188E9DA42CD5}.Release|x86.Build.0 = Release|Any CPU
		{D787ED58-0B02-4810-A6D6-EAFDF261F668}.Debug|Any CPU.ActiveCfg = Debug|Any CPU
		{D787ED58-0B02-4810-A6D6-EAFDF261F668}.Debug|Any CPU.Build.0 = Debug|Any CPU
		{D787ED58-0B02-4810-A6D6-EAFDF261F668}.Debug|x64.ActiveCfg = Debug|Any CPU
		{D787ED58-0B02-4810-A6D6-EAFDF261F668}.Debug|x64.Build.0 = Debug|Any CPU
		{D787ED58-0B02-4810-A6D6-EAFDF261F668}.Debug|x86.ActiveCfg = Debug|Any CPU
		{D787ED58-0B02-4810-A6D6-EAFDF261F668}.Debug|x86.Build.0 = Debug|Any CPU
		{D787ED58-0B02-4810-A6D6-EAFDF261F668}.Release|Any CPU.ActiveCfg = Release|Any CPU
		{D787ED58-0B02-4810-A6D6-EAFDF261F668}.Release|Any CPU.Build.0 = Release|Any CPU
		{D787ED58-0B02-4810-A6D6-EAFDF261F668}.Release|x64.ActiveCfg = Release|Any CPU
		{D787ED58-0B02-4810-A6D6-EAFDF261F668}.Release|x64.Build.0 = Release|Any CPU
		{D787ED58-0B02-4810-A6D6-EAFDF261F668}.Release|x86.ActiveCfg = Release|Any CPU
		{D787ED58-0B02-4810-A6D6-EAFDF261F668}.Release|x86.Build.0 = Release|Any CPU
		{9B9BEDDD-60C3-4E91-B769-6B92ADC83BE2}.Debug|Any CPU.ActiveCfg = Debug|Any CPU
		{9B9BEDDD-60C3-4E91-B769-6B92ADC83BE2}.Debug|Any CPU.Build.0 = Debug|Any CPU
		{9B9BEDDD-60C3-4E91-B769-6B92ADC83BE2}.Debug|x64.ActiveCfg = Debug|Any CPU
		{9B9BEDDD-60C3-4E91-B769-6B92ADC83BE2}.Debug|x64.Build.0 = Debug|Any CPU
		{9B9BEDDD-60C3-4E91-B769-6B92ADC83BE2}.Debug|x86.ActiveCfg = Debug|Any CPU
		{9B9BEDDD-60C3-4E91-B769-6B92ADC83BE2}.Debug|x86.Build.0 = Debug|Any CPU
		{9B9BEDDD-60C3-4E91-B769-6B92ADC83BE2}.Release|Any CPU.ActiveCfg = Release|Any CPU
		{9B9BEDDD-60C3-4E91-B769-6B92ADC83BE2}.Release|Any CPU.Build.0 = Release|Any CPU
		{9B9BEDDD-60C3-4E91-B769-6B92ADC83BE2}.Release|x64.ActiveCfg = Release|Any CPU
		{9B9BEDDD-60C3-4E91-B769-6B92ADC83BE2}.Release|x64.Build.0 = Release|Any CPU
		{9B9BEDDD-60C3-4E91-B769-6B92ADC83BE2}.Release|x86.ActiveCfg = Release|Any CPU
		{9B9BEDDD-60C3-4E91-B769-6B92ADC83BE2}.Release|x86.Build.0 = Release|Any CPU
		{5261649C-6B51-4BFF-B0BA-E9A2B6E673E0}.Debug|Any CPU.ActiveCfg = Debug|Any CPU
		{5261649C-6B51-4BFF-B0BA-E9A2B6E673E0}.Debug|Any CPU.Build.0 = Debug|Any CPU
		{5261649C-6B51-4BFF-B0BA-E9A2B6E673E0}.Debug|x64.ActiveCfg = Debug|Any CPU
		{5261649C-6B51-4BFF-B0BA-E9A2B6E673E0}.Debug|x64.Build.0 = Debug|Any CPU
		{5261649C-6B51-4BFF-B0BA-E9A2B6E673E0}.Debug|x86.ActiveCfg = Debug|Any CPU
		{5261649C-6B51-4BFF-B0BA-E9A2B6E673E0}.Debug|x86.Build.0 = Debug|Any CPU
		{5261649C-6B51-4BFF-B0BA-E9A2B6E673E0}.Release|Any CPU.ActiveCfg = Release|Any CPU
		{5261649C-6B51-4BFF-B0BA-E9A2B6E673E0}.Release|Any CPU.Build.0 = Release|Any CPU
		{5261649C-6B51-4BFF-B0BA-E9A2B6E673E0}.Release|x64.ActiveCfg = Release|Any CPU
		{5261649C-6B51-4BFF-B0BA-E9A2B6E673E0}.Release|x64.Build.0 = Release|Any CPU
		{5261649C-6B51-4BFF-B0BA-E9A2B6E673E0}.Release|x86.ActiveCfg = Release|Any CPU
		{5261649C-6B51-4BFF-B0BA-E9A2B6E673E0}.Release|x86.Build.0 = Release|Any CPU
		{CE8BAAB2-90E7-41A4-8F45-394ADFDC3948}.Debug|Any CPU.ActiveCfg = Debug|Any CPU
		{CE8BAAB2-90E7-41A4-8F45-394ADFDC3948}.Debug|Any CPU.Build.0 = Debug|Any CPU
		{CE8BAAB2-90E7-41A4-8F45-394ADFDC3948}.Debug|x64.ActiveCfg = Debug|Any CPU
		{CE8BAAB2-90E7-41A4-8F45-394ADFDC3948}.Debug|x64.Build.0 = Debug|Any CPU
		{CE8BAAB2-90E7-41A4-8F45-394ADFDC3948}.Debug|x86.ActiveCfg = Debug|Any CPU
		{CE8BAAB2-90E7-41A4-8F45-394ADFDC3948}.Debug|x86.Build.0 = Debug|Any CPU
		{CE8BAAB2-90E7-41A4-8F45-394ADFDC3948}.Release|Any CPU.ActiveCfg = Release|Any CPU
		{CE8BAAB2-90E7-41A4-8F45-394ADFDC3948}.Release|Any CPU.Build.0 = Release|Any CPU
		{CE8BAAB2-90E7-41A4-8F45-394ADFDC3948}.Release|x64.ActiveCfg = Release|Any CPU
		{CE8BAAB2-90E7-41A4-8F45-394ADFDC3948}.Release|x64.Build.0 = Release|Any CPU
		{CE8BAAB2-90E7-41A4-8F45-394ADFDC3948}.Release|x86.ActiveCfg = Release|Any CPU
		{CE8BAAB2-90E7-41A4-8F45-394ADFDC3948}.Release|x86.Build.0 = Release|Any CPU
		{040C4B0D-DE5D-4E46-B252-BC1D8FD4C566}.Debug|Any CPU.ActiveCfg = Debug|Any CPU
		{040C4B0D-DE5D-4E46-B252-BC1D8FD4C566}.Debug|Any CPU.Build.0 = Debug|Any CPU
		{040C4B0D-DE5D-4E46-B252-BC1D8FD4C566}.Debug|x64.ActiveCfg = Debug|Any CPU
		{040C4B0D-DE5D-4E46-B252-BC1D8FD4C566}.Debug|x64.Build.0 = Debug|Any CPU
		{040C4B0D-DE5D-4E46-B252-BC1D8FD4C566}.Debug|x86.ActiveCfg = Debug|Any CPU
		{040C4B0D-DE5D-4E46-B252-BC1D8FD4C566}.Debug|x86.Build.0 = Debug|Any CPU
		{040C4B0D-DE5D-4E46-B252-BC1D8FD4C566}.Release|Any CPU.ActiveCfg = Release|Any CPU
		{040C4B0D-DE5D-4E46-B252-BC1D8FD4C566}.Release|Any CPU.Build.0 = Release|Any CPU
		{040C4B0D-DE5D-4E46-B252-BC1D8FD4C566}.Release|x64.ActiveCfg = Release|Any CPU
		{040C4B0D-DE5D-4E46-B252-BC1D8FD4C566}.Release|x64.Build.0 = Release|Any CPU
		{040C4B0D-DE5D-4E46-B252-BC1D8FD4C566}.Release|x86.ActiveCfg = Release|Any CPU
		{040C4B0D-DE5D-4E46-B252-BC1D8FD4C566}.Release|x86.Build.0 = Release|Any CPU
	EndGlobalSection
	GlobalSection(SolutionProperties) = preSolution
		HideSolutionNode = FALSE
	EndGlobalSection
	GlobalSection(NestedProjects) = preSolution
		{56E2C0FD-9127-4AE9-BFD5-8D073D14A2D0} = {827E0CD3-B72D-47B6-A68D-7590B98EB39B}
		{39D4D9BF-50BC-4813-9419-FAB1C7E7AE1B} = {827E0CD3-B72D-47B6-A68D-7590B98EB39B}
		{01269772-7B63-4590-A66C-188E9DA42CD5} = {827E0CD3-B72D-47B6-A68D-7590B98EB39B}
		{D787ED58-0B02-4810-A6D6-EAFDF261F668} = {827E0CD3-B72D-47B6-A68D-7590B98EB39B}
		{9B9BEDDD-60C3-4E91-B769-6B92ADC83BE2} = {0AB3BF05-4346-4AA6-1389-037BE0695223}
		{5261649C-6B51-4BFF-B0BA-E9A2B6E673E0} = {0AB3BF05-4346-4AA6-1389-037BE0695223}
		{CE8BAAB2-90E7-41A4-8F45-394ADFDC3948} = {0AB3BF05-4346-4AA6-1389-037BE0695223}
		{040C4B0D-DE5D-4E46-B252-BC1D8FD4C566} = {827E0CD3-B72D-47B6-A68D-7590B98EB39B}
	EndGlobalSection
EndGlobal
